
Microsoft Visual Studio Solution File, Format Version 12.00
# Visual Studio 15
VisualStudioVersion = 15.0.28307.168
MinimumVisualStudioVersion = 10.0.40219.1
Project("{FAE04EC0-301F-11D3-BF4B-00C04F79EFBC}") = "TGG.Core", "TGG.Core\TGG.Core.csproj", "{0BDD2465-60A8-4D7F-8156-09A8B4BAA280}"
EndProject
Project("{FAE04EC0-301F-11D3-BF4B-00C04F79EFBC}") = "TGG.Core.Shared", "TGG.Core.Shared\TGG.Core.Shared.csproj", "{A2925B68-36E7-40E9-90A3-20A3FED8F857}"
EndProject
Project("{FAE04EC0-301F-11D3-BF4B-00C04F79EFBC}") = "TGG.Tests", "TGG.Tests\TGG.Tests.csproj", "{2F44504B-784A-4B32-A778-6EF5C05AD3D2}"
EndProject
Global
	GlobalSection(SolutionConfigurationPlatforms) = preSolution
		Debug|Any CPU = Debug|Any CPU
		Release|Any CPU = Release|Any CPU
	EndGlobalSection
	GlobalSection(ProjectConfigurationPlatforms) = postSolution
		{0BDD2465-60A8-4D7F-8156-09A8B4BAA280}.Debug|Any CPU.ActiveCfg = Debug|Any CPU
		{0BDD2465-60A8-4D7F-8156-09A8B4BAA280}.Debug|Any CPU.Build.0 = Debug|Any CPU
		{0BDD2465-60A8-4D7F-8156-09A8B4BAA280}.Release|Any CPU.ActiveCfg = Release|Any CPU
		{0BDD2465-60A8-4D7F-8156-09A8B4BAA280}.Release|Any CPU.Build.0 = Release|Any CPU
		{A2925B68-36E7-40E9-90A3-20A3FED8F857}.Debug|Any CPU.ActiveCfg = Debug|Any CPU
		{A2925B68-36E7-40E9-90A3-20A3FED8F857}.Debug|Any CPU.Build.0 = Debug|Any CPU
		{A2925B68-36E7-40E9-90A3-20A3FED8F857}.Release|Any CPU.ActiveCfg = Release|Any CPU
		{A2925B68-36E7-40E9-90A3-20A3FED8F857}.Release|Any CPU.Build.0 = Release|Any CPU
		{2F44504B-784A-4B32-A778-6EF5C05AD3D2}.Debug|Any CPU.ActiveCfg = Debug|Any CPU
		{2F44504B-784A-4B32-A778-6EF5C05AD3D2}.Debug|Any CPU.Build.0 = Debug|Any CPU
		{2F44504B-784A-4B32-A778-6EF5C05AD3D2}.Release|Any CPU.ActiveCfg = Release|Any CPU
		{2F44504B-784A-4B32-A778-6EF5C05AD3D2}.Release|Any CPU.Build.0 = Release|Any CPU
	EndGlobalSection
	GlobalSection(SolutionProperties) = preSolution
		HideSolutionNode = FALSE
	EndGlobalSection
	GlobalSection(ExtensibilityGlobals) = postSolution
		SolutionGuid = {801E3616-4E78-4C1C-B7EF-13AB579D40F0}
	EndGlobalSection
EndGlobal
